
Microsoft Visual Studio Solution File, Format Version 12.00
# Visual Studio Version 16
VisualStudioVersion = 16.0.29215.179
MinimumVisualStudioVersion = 10.0.40219.1
Project("{FAE04EC0-301F-11D3-BF4B-00C04F79EFBC}") = "tnation1730ex1b", "tnation1730ex1b\tnation1730ex1b.csproj", "{1A521DDE-93E1-41BA-BB05-F50719FF5599}"
EndProject
Project("{FAE04EC0-301F-11D3-BF4B-00C04F79EFBC}") = "tnation1730ex1c1", "tnation1730ex1c1\tnation1730ex1c1.csproj", "{A605044D-C5F9-4BED-95F3-6EEEE113AD7D}"
EndProject
Project("{FAE04EC0-301F-11D3-BF4B-00C04F79EFBC}") = "tnation1730ex1d1", "tnation1730ex1d1\tnation1730ex1d1.csproj", "{9C6FB9A9-1E21-4E28-8E28-6A22734BC712}"
EndProject
Project("{FAE04EC0-301F-11D3-BF4B-00C04F79EFBC}") = "tnation1730ex1e1", "tnation1730ex1e1\tnation1730ex1e1.csproj", "{8040115A-F514-41E7-AFDF-F0E300C752C7}"
EndProject
Project("{FAE04EC0-301F-11D3-BF4B-00C04F79EFBC}") = "tnation1730ex1f1", "tnation1730ex1f1\tnation1730ex1f1.csproj", "{CCDC1F7D-2A0C-486B-BE87-0145E9F05119}"
EndProject
Project("{FAE04EC0-301F-11D3-BF4B-00C04F79EFBC}") = "tnation1730ex1g1", "tnation1730ex1g1\tnation1730ex1g1.csproj", "{D16F47CD-FBED-4769-883F-7073568CCA3E}"
EndProject
Project("{FAE04EC0-301F-11D3-BF4B-00C04F79EFBC}") = "tnation1730ex2a1", "tnation1730ex2a1\tnation1730ex2a1.csproj", "{1D282578-A785-49DF-936B-F68751755EFF}"
EndProject
Project("{FAE04EC0-301F-11D3-BF4B-00C04F79EFBC}") = "tnation1730ex2b1", "tnation1730ex2b1\tnation1730ex2b1.csproj", "{042342E2-E0EA-49E2-8949-87CB4D142C33}"
EndProject
Project("{FAE04EC0-301F-11D3-BF4B-00C04F79EFBC}") = "tnation1730ex2c1", "tnation1730ex2c1\tnation1730ex2c1.csproj", "{CD937EEA-993F-4F07-9B4E-2A2CE3B66AF1}"
EndProject
Project("{FAE04EC0-301F-11D3-BF4B-00C04F79EFBC}") = "tnation1730ex2d1", "tnation1730ex2d1\tnation1730ex2d1.csproj", "{57C12E48-20F0-45B2-92A2-EE7E059F0BFA}"
EndProject
Project("{FAE04EC0-301F-11D3-BF4B-00C04F79EFBC}") = "tnation1730ex2e1", "tnation1730ex2e1\tnation1730ex2e1.csproj", "{66DD2A09-8D7A-4264-8A39-85B6DED584FE}"
EndProject
Project("{9A19103F-16F7-4668-BE54-9A1E7A4F7556}") = "tnation1730ex2e1UnitTests", "tnation1730ex2e1UnitTests\tnation1730ex2e1UnitTests.csproj", "{22F129FF-5952-4A80-9241-20E21FFA032A}"
EndProject
Project("{FAE04EC0-301F-11D3-BF4B-00C04F79EFBC}") = "tnation1730ex2f1", "tnation1730ex2f1\tnation1730ex2f1.csproj", "{DC5EA8F3-9FFB-4586-A388-CB8917F56FCC}"
EndProject
Project("{FAE04EC0-301F-11D3-BF4B-00C04F79EFBC}") = "tnation1730ex2f1UnitTests", "tnation1730ex2f1UnitTests\tnation1730ex2f1UnitTests.csproj", "{44D57659-6BB2-4580-BE29-242D8DC57F80}"
EndProject
Global
	GlobalSection(SolutionConfigurationPlatforms) = preSolution
		Debug|Any CPU = Debug|Any CPU
		Release|Any CPU = Release|Any CPU
	EndGlobalSection
	GlobalSection(ProjectConfigurationPlatforms) = postSolution
		{1A521DDE-93E1-41BA-BB05-F50719FF5599}.Debug|Any CPU.ActiveCfg = Debug|Any CPU
		{1A521DDE-93E1-41BA-BB05-F50719FF5599}.Debug|Any CPU.Build.0 = Debug|Any CPU
		{1A521DDE-93E1-41BA-BB05-F50719FF5599}.Release|Any CPU.ActiveCfg = Release|Any CPU
		{1A521DDE-93E1-41BA-BB05-F50719FF5599}.Release|Any CPU.Build.0 = Release|Any CPU
		{A605044D-C5F9-4BED-95F3-6EEEE113AD7D}.Debug|Any CPU.ActiveCfg = Debug|Any CPU
		{A605044D-C5F9-4BED-95F3-6EEEE113AD7D}.Debug|Any CPU.Build.0 = Debug|Any CPU
		{A605044D-C5F9-4BED-95F3-6EEEE113AD7D}.Release|Any CPU.ActiveCfg = Release|Any CPU
		{A605044D-C5F9-4BED-95F3-6EEEE113AD7D}.Release|Any CPU.Build.0 = Release|Any CPU
		{9C6FB9A9-1E21-4E28-8E28-6A22734BC712}.Debug|Any CPU.ActiveCfg = Debug|Any CPU
		{9C6FB9A9-1E21-4E28-8E28-6A22734BC712}.Debug|Any CPU.Build.0 = Debug|Any CPU
		{9C6FB9A9-1E21-4E28-8E28-6A22734BC712}.Release|Any CPU.ActiveCfg = Release|Any CPU
		{9C6FB9A9-1E21-4E28-8E28-6A22734BC712}.Release|Any CPU.Build.0 = Release|Any CPU
		{8040115A-F514-41E7-AFDF-F0E300C752C7}.Debug|Any CPU.ActiveCfg = Debug|Any CPU
		{8040115A-F514-41E7-AFDF-F0E300C752C7}.Debug|Any CPU.Build.0 = Debug|Any CPU
		{8040115A-F514-41E7-AFDF-F0E300C752C7}.Release|Any CPU.ActiveCfg = Release|Any CPU
		{8040115A-F514-41E7-AFDF-F0E300C752C7}.Release|Any CPU.Build.0 = Release|Any CPU
		{CCDC1F7D-2A0C-486B-BE87-0145E9F05119}.Debug|Any CPU.ActiveCfg = Debug|Any CPU
		{CCDC1F7D-2A0C-486B-BE87-0145E9F05119}.Debug|Any CPU.Build.0 = Debug|Any CPU
		{CCDC1F7D-2A0C-486B-BE87-0145E9F05119}.Release|Any CPU.ActiveCfg = Release|Any CPU
		{CCDC1F7D-2A0C-486B-BE87-0145E9F05119}.Release|Any CPU.Build.0 = Release|Any CPU
		{D16F47CD-FBED-4769-883F-7073568CCA3E}.Debug|Any CPU.ActiveCfg = Debug|Any CPU
		{D16F47CD-FBED-4769-883F-7073568CCA3E}.Debug|Any CPU.Build.0 = Debug|Any CPU
		{D16F47CD-FBED-4769-883F-7073568CCA3E}.Release|Any CPU.ActiveCfg = Release|Any CPU
		{D16F47CD-FBED-4769-883F-7073568CCA3E}.Release|Any CPU.Build.0 = Release|Any CPU
		{1D282578-A785-49DF-936B-F68751755EFF}.Debug|Any CPU.ActiveCfg = Debug|Any CPU
		{1D282578-A785-49DF-936B-F68751755EFF}.Debug|Any CPU.Build.0 = Debug|Any CPU
		{1D282578-A785-49DF-936B-F68751755EFF}.Release|Any CPU.ActiveCfg = Release|Any CPU
		{1D282578-A785-49DF-936B-F68751755EFF}.Release|Any CPU.Build.0 = Release|Any CPU
		{042342E2-E0EA-49E2-8949-87CB4D142C33}.Debug|Any CPU.ActiveCfg = Debug|Any CPU
		{042342E2-E0EA-49E2-8949-87CB4D142C33}.Debug|Any CPU.Build.0 = Debug|Any CPU
		{042342E2-E0EA-49E2-8949-87CB4D142C33}.Release|Any CPU.ActiveCfg = Release|Any CPU
		{042342E2-E0EA-49E2-8949-87CB4D142C33}.Release|Any CPU.Build.0 = Release|Any CPU
		{CD937EEA-993F-4F07-9B4E-2A2CE3B66AF1}.Debug|Any CPU.ActiveCfg = Debug|Any CPU
		{CD937EEA-993F-4F07-9B4E-2A2CE3B66AF1}.Debug|Any CPU.Build.0 = Debug|Any CPU
		{CD937EEA-993F-4F07-9B4E-2A2CE3B66AF1}.Release|Any CPU.ActiveCfg = Release|Any CPU
		{CD937EEA-993F-4F07-9B4E-2A2CE3B66AF1}.Release|Any CPU.Build.0 = Release|Any CPU
		{57C12E48-20F0-45B2-92A2-EE7E059F0BFA}.Debug|Any CPU.ActiveCfg = Debug|Any CPU
		{57C12E48-20F0-45B2-92A2-EE7E059F0BFA}.Debug|Any CPU.Build.0 = Debug|Any CPU
		{57C12E48-20F0-45B2-92A2-EE7E059F0BFA}.Release|Any CPU.ActiveCfg = Release|Any CPU
		{57C12E48-20F0-45B2-92A2-EE7E059F0BFA}.Release|Any CPU.Build.0 = Release|Any CPU
		{66DD2A09-8D7A-4264-8A39-85B6DED584FE}.Debug|Any CPU.ActiveCfg = Debug|Any CPU
		{66DD2A09-8D7A-4264-8A39-85B6DED584FE}.Debug|Any CPU.Build.0 = Debug|Any CPU
		{66DD2A09-8D7A-4264-8A39-85B6DED584FE}.Release|Any CPU.ActiveCfg = Release|Any CPU
		{66DD2A09-8D7A-4264-8A39-85B6DED584FE}.Release|Any CPU.Build.0 = Release|Any CPU
		{22F129FF-5952-4A80-9241-20E21FFA032A}.Debug|Any CPU.ActiveCfg = Debug|Any CPU
		{22F129FF-5952-4A80-9241-20E21FFA032A}.Debug|Any CPU.Build.0 = Debug|Any CPU
		{22F129FF-5952-4A80-9241-20E21FFA032A}.Release|Any CPU.ActiveCfg = Release|Any CPU
		{22F129FF-5952-4A80-9241-20E21FFA032A}.Release|Any CPU.Build.0 = Release|Any CPU
		{DC5EA8F3-9FFB-4586-A388-CB8917F56FCC}.Debug|Any CPU.ActiveCfg = Debug|Any CPU
		{DC5EA8F3-9FFB-4586-A388-CB8917F56FCC}.Debug|Any CPU.Build.0 = Debug|Any CPU
		{DC5EA8F3-9FFB-4586-A388-CB8917F56FCC}.Release|Any CPU.ActiveCfg = Release|Any CPU
		{DC5EA8F3-9FFB-4586-A388-CB8917F56FCC}.Release|Any CPU.Build.0 = Release|Any CPU
		{44D57659-6BB2-4580-BE29-242D8DC57F80}.Debug|Any CPU.ActiveCfg = Debug|Any CPU
		{44D57659-6BB2-4580-BE29-242D8DC57F80}.Debug|Any CPU.Build.0 = Debug|Any CPU
		{44D57659-6BB2-4580-BE29-242D8DC57F80}.Release|Any CPU.ActiveCfg = Release|Any CPU
		{44D57659-6BB2-4580-BE29-242D8DC57F80}.Release|Any CPU.Build.0 = Release|Any CPU
	EndGlobalSection
	GlobalSection(SolutionProperties) = preSolution
		HideSolutionNode = FALSE
	EndGlobalSection
	GlobalSection(ExtensibilityGlobals) = postSolution
		SolutionGuid = {290D85EF-500F-4D01-A8D2-64E82DD60B7C}
	EndGlobalSection
EndGlobal
